
Microsoft Visual Studio Solution File, Format Version 12.00
# Visual Studio 14
VisualStudioVersion = 14.0.25420.1
MinimumVisualStudioVersion = 10.0.40219.1
Project("{FAE04EC0-301F-11D3-BF4B-00C04F79EFBC}") = "1.NestedLoopsRecurion", "1.NestedLoopsRecurion\1.NestedLoopsRecurion.csproj", "{2F5BDDA4-9123-4FB2-9392-A353B7616CAC}"
EndProject
Project("{FAE04EC0-301F-11D3-BF4B-00C04F79EFBC}") = "2.CombinationWithDuplicates", "2.CombinationWithDuplicates\2.CombinationWithDuplicates.csproj", "{9516C73C-FE80-4729-BABF-DF83D07641B9}"
EndProject
Project("{FAE04EC0-301F-11D3-BF4B-00C04F79EFBC}") = "3.CombinationWithoutDuplicates", "3.CombinationWithoutDuplicates\3.CombinationWithoutDuplicates.csproj", "{531F25E5-6FB5-4F2A-BEAD-01FABABCC768}"
EndProject
Global
	GlobalSection(SolutionConfigurationPlatforms) = preSolution
		Debug|Any CPU = Debug|Any CPU
		Release|Any CPU = Release|Any CPU
	EndGlobalSection
	GlobalSection(ProjectConfigurationPlatforms) = postSolution
		{2F5BDDA4-9123-4FB2-9392-A353B7616CAC}.Debug|Any CPU.ActiveCfg = Debug|Any CPU
		{2F5BDDA4-9123-4FB2-9392-A353B7616CAC}.Debug|Any CPU.Build.0 = Debug|Any CPU
		{2F5BDDA4-9123-4FB2-9392-A353B7616CAC}.Release|Any CPU.ActiveCfg = Release|Any CPU
		{2F5BDDA4-9123-4FB2-9392-A353B7616CAC}.Release|Any CPU.Build.0 = Release|Any CPU
		{9516C73C-FE80-4729-BABF-DF83D07641B9}.Debug|Any CPU.ActiveCfg = Debug|Any CPU
		{9516C73C-FE80-4729-BABF-DF83D07641B9}.Debug|Any CPU.Build.0 = Debug|Any CPU
		{9516C73C-FE80-4729-BABF-DF83D07641B9}.Release|Any CPU.ActiveCfg = Release|Any CPU
		{9516C73C-FE80-4729-BABF-DF83D07641B9}.Release|Any CPU.Build.0 = Release|Any CPU
		{531F25E5-6FB5-4F2A-BEAD-01FABABCC768}.Debug|Any CPU.ActiveCfg = Debug|Any CPU
		{531F25E5-6FB5-4F2A-BEAD-01FABABCC768}.Debug|Any CPU.Build.0 = Debug|Any CPU
		{531F25E5-6FB5-4F2A-BEAD-01FABABCC768}.Release|Any CPU.ActiveCfg = Release|Any CPU
		{531F25E5-6FB5-4F2A-BEAD-01FABABCC768}.Release|Any CPU.Build.0 = Release|Any CPU
	EndGlobalSection
	GlobalSection(SolutionProperties) = preSolution
		HideSolutionNode = FALSE
	EndGlobalSection
EndGlobal
