
Microsoft Visual Studio Solution File, Format Version 12.00
# Visual Studio 14
VisualStudioVersion = 14.0.25420.1
MinimumVisualStudioVersion = 10.0.40219.1
Project("{FAE04EC0-301F-11D3-BF4B-00C04F79EFBC}") = "1.PriorityQueueImplementation", "1.PriorityQueueImplementation\1.PriorityQueueImplementation.csproj", "{2B6CB2B2-D452-49D0-9D5D-7249AFAEC9D3}"
EndProject
Project("{FAE04EC0-301F-11D3-BF4B-00C04F79EFBC}") = "2.OrderedBag", "2.OrderedBag\2.OrderedBag.csproj", "{49249D31-C3FE-4178-BC73-2202BB8BFB92}"
EndProject
Project("{FAE04EC0-301F-11D3-BF4B-00C04F79EFBC}") = "3.SetOfWords", "3.SetOfWords\3.SetOfWords.csproj", "{63657DD0-5133-45FC-9813-2818C1111727}"
EndProject
Global
	GlobalSection(SolutionConfigurationPlatforms) = preSolution
		Debug|Any CPU = Debug|Any CPU
		Release|Any CPU = Release|Any CPU
	EndGlobalSection
	GlobalSection(ProjectConfigurationPlatforms) = postSolution
		{2B6CB2B2-D452-49D0-9D5D-7249AFAEC9D3}.Debug|Any CPU.ActiveCfg = Debug|Any CPU
		{2B6CB2B2-D452-49D0-9D5D-7249AFAEC9D3}.Debug|Any CPU.Build.0 = Debug|Any CPU
		{2B6CB2B2-D452-49D0-9D5D-7249AFAEC9D3}.Release|Any CPU.ActiveCfg = Release|Any CPU
		{2B6CB2B2-D452-49D0-9D5D-7249AFAEC9D3}.Release|Any CPU.Build.0 = Release|Any CPU
		{49249D31-C3FE-4178-BC73-2202BB8BFB92}.Debug|Any CPU.ActiveCfg = Debug|Any CPU
		{49249D31-C3FE-4178-BC73-2202BB8BFB92}.Debug|Any CPU.Build.0 = Debug|Any CPU
		{49249D31-C3FE-4178-BC73-2202BB8BFB92}.Release|Any CPU.ActiveCfg = Release|Any CPU
		{49249D31-C3FE-4178-BC73-2202BB8BFB92}.Release|Any CPU.Build.0 = Release|Any CPU
		{63657DD0-5133-45FC-9813-2818C1111727}.Debug|Any CPU.ActiveCfg = Debug|Any CPU
		{63657DD0-5133-45FC-9813-2818C1111727}.Debug|Any CPU.Build.0 = Debug|Any CPU
		{63657DD0-5133-45FC-9813-2818C1111727}.Release|Any CPU.ActiveCfg = Release|Any CPU
		{63657DD0-5133-45FC-9813-2818C1111727}.Release|Any CPU.Build.0 = Release|Any CPU
	EndGlobalSection
	GlobalSection(SolutionProperties) = preSolution
		HideSolutionNode = FALSE
	EndGlobalSection
EndGlobal
