
Microsoft Visual Studio Solution File, Format Version 12.00
# Visual Studio 14
VisualStudioVersion = 14.0.25420.1
MinimumVisualStudioVersion = 10.0.40219.1
Project("{FAE04EC0-301F-11D3-BF4B-00C04F79EFBC}") = "1.Sequence", "1.Sequence\1.Sequence.csproj", "{71C2C645-A07C-4C27-82D6-7F74F581F663}"
EndProject
Project("{FAE04EC0-301F-11D3-BF4B-00C04F79EFBC}") = "2.Stack", "2.Stack\2.Stack.csproj", "{83FF9368-E83D-4A97-BCCB-E96FDD09F067}"
EndProject
Project("{FAE04EC0-301F-11D3-BF4B-00C04F79EFBC}") = "3.SortSequence", "3.SortSequence\3.SortSequence.csproj", "{8ED72C17-B40E-4BBD-8760-554FC2C5AFA8}"
EndProject
Project("{FAE04EC0-301F-11D3-BF4B-00C04F79EFBC}") = "4.LongestSubsequence", "4.LongestSubsequence\4.LongestSubsequence.csproj", "{6A91516F-C2D9-49EE-95AE-0B521EB580FD}"
EndProject
Project("{FAE04EC0-301F-11D3-BF4B-00C04F79EFBC}") = "5.RemoveNegatives", "5.RemoveNegatives\5.RemoveNegatives.csproj", "{CC0F9A39-C643-439A-B589-DF2859FC61F3}"
EndProject
Project("{FAE04EC0-301F-11D3-BF4B-00C04F79EFBC}") = "6.RemoveOdds", "6.RemoveOdds\6.RemoveOdds.csproj", "{BB89C149-B656-4902-9545-651D65BC308C}"
EndProject
Project("{FAE04EC0-301F-11D3-BF4B-00C04F79EFBC}") = "7.OccuringTimes", "7.OccuringTimes\7.OccuringTimes.csproj", "{4119B906-DF4D-4480-96C3-5FB392F01E7F}"
EndProject
Project("{FAE04EC0-301F-11D3-BF4B-00C04F79EFBC}") = "8.Majorant", "8.Majorant\8.Majorant.csproj", "{CDCB27BE-E3C6-4102-A57C-BAF474860566}"
EndProject
Project("{FAE04EC0-301F-11D3-BF4B-00C04F79EFBC}") = "9.PrintSequence", "9.PrintSequence\9.PrintSequence.csproj", "{1765FCA8-EC41-46E2-B0B7-82AAB1EFEBD3}"
EndProject
Global
	GlobalSection(SolutionConfigurationPlatforms) = preSolution
		Debug|Any CPU = Debug|Any CPU
		Release|Any CPU = Release|Any CPU
	EndGlobalSection
	GlobalSection(ProjectConfigurationPlatforms) = postSolution
		{71C2C645-A07C-4C27-82D6-7F74F581F663}.Debug|Any CPU.ActiveCfg = Debug|Any CPU
		{71C2C645-A07C-4C27-82D6-7F74F581F663}.Debug|Any CPU.Build.0 = Debug|Any CPU
		{71C2C645-A07C-4C27-82D6-7F74F581F663}.Release|Any CPU.ActiveCfg = Release|Any CPU
		{71C2C645-A07C-4C27-82D6-7F74F581F663}.Release|Any CPU.Build.0 = Release|Any CPU
		{83FF9368-E83D-4A97-BCCB-E96FDD09F067}.Debug|Any CPU.ActiveCfg = Debug|Any CPU
		{83FF9368-E83D-4A97-BCCB-E96FDD09F067}.Debug|Any CPU.Build.0 = Debug|Any CPU
		{83FF9368-E83D-4A97-BCCB-E96FDD09F067}.Release|Any CPU.ActiveCfg = Release|Any CPU
		{83FF9368-E83D-4A97-BCCB-E96FDD09F067}.Release|Any CPU.Build.0 = Release|Any CPU
		{8ED72C17-B40E-4BBD-8760-554FC2C5AFA8}.Debug|Any CPU.ActiveCfg = Debug|Any CPU
		{8ED72C17-B40E-4BBD-8760-554FC2C5AFA8}.Debug|Any CPU.Build.0 = Debug|Any CPU
		{8ED72C17-B40E-4BBD-8760-554FC2C5AFA8}.Release|Any CPU.ActiveCfg = Release|Any CPU
		{8ED72C17-B40E-4BBD-8760-554FC2C5AFA8}.Release|Any CPU.Build.0 = Release|Any CPU
		{6A91516F-C2D9-49EE-95AE-0B521EB580FD}.Debug|Any CPU.ActiveCfg = Debug|Any CPU
		{6A91516F-C2D9-49EE-95AE-0B521EB580FD}.Debug|Any CPU.Build.0 = Debug|Any CPU
		{6A91516F-C2D9-49EE-95AE-0B521EB580FD}.Release|Any CPU.ActiveCfg = Release|Any CPU
		{6A91516F-C2D9-49EE-95AE-0B521EB580FD}.Release|Any CPU.Build.0 = Release|Any CPU
		{CC0F9A39-C643-439A-B589-DF2859FC61F3}.Debug|Any CPU.ActiveCfg = Debug|Any CPU
		{CC0F9A39-C643-439A-B589-DF2859FC61F3}.Debug|Any CPU.Build.0 = Debug|Any CPU
		{CC0F9A39-C643-439A-B589-DF2859FC61F3}.Release|Any CPU.ActiveCfg = Release|Any CPU
		{CC0F9A39-C643-439A-B589-DF2859FC61F3}.Release|Any CPU.Build.0 = Release|Any CPU
		{BB89C149-B656-4902-9545-651D65BC308C}.Debug|Any CPU.ActiveCfg = Debug|Any CPU
		{BB89C149-B656-4902-9545-651D65BC308C}.Debug|Any CPU.Build.0 = Debug|Any CPU
		{BB89C149-B656-4902-9545-651D65BC308C}.Release|Any CPU.ActiveCfg = Release|Any CPU
		{BB89C149-B656-4902-9545-651D65BC308C}.Release|Any CPU.Build.0 = Release|Any CPU
		{4119B906-DF4D-4480-96C3-5FB392F01E7F}.Debug|Any CPU.ActiveCfg = Debug|Any CPU
		{4119B906-DF4D-4480-96C3-5FB392F01E7F}.Debug|Any CPU.Build.0 = Debug|Any CPU
		{4119B906-DF4D-4480-96C3-5FB392F01E7F}.Release|Any CPU.ActiveCfg = Release|Any CPU
		{4119B906-DF4D-4480-96C3-5FB392F01E7F}.Release|Any CPU.Build.0 = Release|Any CPU
		{CDCB27BE-E3C6-4102-A57C-BAF474860566}.Debug|Any CPU.ActiveCfg = Debug|Any CPU
		{CDCB27BE-E3C6-4102-A57C-BAF474860566}.Debug|Any CPU.Build.0 = Debug|Any CPU
		{CDCB27BE-E3C6-4102-A57C-BAF474860566}.Release|Any CPU.ActiveCfg = Release|Any CPU
		{CDCB27BE-E3C6-4102-A57C-BAF474860566}.Release|Any CPU.Build.0 = Release|Any CPU
		{1765FCA8-EC41-46E2-B0B7-82AAB1EFEBD3}.Debug|Any CPU.ActiveCfg = Debug|Any CPU
		{1765FCA8-EC41-46E2-B0B7-82AAB1EFEBD3}.Debug|Any CPU.Build.0 = Debug|Any CPU
		{1765FCA8-EC41-46E2-B0B7-82AAB1EFEBD3}.Release|Any CPU.ActiveCfg = Release|Any CPU
		{1765FCA8-EC41-46E2-B0B7-82AAB1EFEBD3}.Release|Any CPU.Build.0 = Release|Any CPU
	EndGlobalSection
	GlobalSection(SolutionProperties) = preSolution
		HideSolutionNode = FALSE
	EndGlobalSection
EndGlobal
