
Microsoft Visual Studio Solution File, Format Version 12.00
# Visual Studio 14
VisualStudioVersion = 14.0.25420.1
MinimumVisualStudioVersion = 10.0.40219.1
Project("{FAE04EC0-301F-11D3-BF4B-00C04F79EFBC}") = "1.DoublePasswords", "1.DoublePasswords\1.DoublePasswords.csproj", "{DA7540A9-5516-44BD-9AAB-DFE55103710D}"
EndProject
Project("{FAE04EC0-301F-11D3-BF4B-00C04F79EFBC}") = "2.BunnyFactory", "2.BunnyFactory\2.BunnyFactory.csproj", "{A31DDE4B-BAAC-45ED-A1DE-33572792E898}"
EndProject
Global
	GlobalSection(SolutionConfigurationPlatforms) = preSolution
		Debug|Any CPU = Debug|Any CPU
		Release|Any CPU = Release|Any CPU
	EndGlobalSection
	GlobalSection(ProjectConfigurationPlatforms) = postSolution
		{DA7540A9-5516-44BD-9AAB-DFE55103710D}.Debug|Any CPU.ActiveCfg = Debug|Any CPU
		{DA7540A9-5516-44BD-9AAB-DFE55103710D}.Debug|Any CPU.Build.0 = Debug|Any CPU
		{DA7540A9-5516-44BD-9AAB-DFE55103710D}.Release|Any CPU.ActiveCfg = Release|Any CPU
		{DA7540A9-5516-44BD-9AAB-DFE55103710D}.Release|Any CPU.Build.0 = Release|Any CPU
		{A31DDE4B-BAAC-45ED-A1DE-33572792E898}.Debug|Any CPU.ActiveCfg = Debug|Any CPU
		{A31DDE4B-BAAC-45ED-A1DE-33572792E898}.Debug|Any CPU.Build.0 = Debug|Any CPU
		{A31DDE4B-BAAC-45ED-A1DE-33572792E898}.Release|Any CPU.ActiveCfg = Release|Any CPU
		{A31DDE4B-BAAC-45ED-A1DE-33572792E898}.Release|Any CPU.Build.0 = Release|Any CPU
	EndGlobalSection
	GlobalSection(SolutionProperties) = preSolution
		HideSolutionNode = FALSE
	EndGlobalSection
EndGlobal
