
Microsoft Visual Studio Solution File, Format Version 12.00
# Visual Studio 14
VisualStudioVersion = 14.0.25420.1
MinimumVisualStudioVersion = 10.0.40219.1
Project("{FAE04EC0-301F-11D3-BF4B-00C04F79EFBC}") = "01.ClassSizeinCSharp", "01.ClassSizeinCSharp\01.ClassSizeinCSharp.csproj", "{9BD8AC8C-1EC6-4CB4-9E9D-F5BD84D0F281}"
EndProject
Project("{FAE04EC0-301F-11D3-BF4B-00C04F79EFBC}") = "2.PrintStatisticsInCSharp", "2.PrintStatisticsInCSharp\2.PrintStatisticsInCSharp.csproj", "{2EF9D283-9DBC-4652-836C-A74EAC5EA452}"
EndProject
Global
	GlobalSection(SolutionConfigurationPlatforms) = preSolution
		Debug|Any CPU = Debug|Any CPU
		Release|Any CPU = Release|Any CPU
	EndGlobalSection
	GlobalSection(ProjectConfigurationPlatforms) = postSolution
		{9BD8AC8C-1EC6-4CB4-9E9D-F5BD84D0F281}.Debug|Any CPU.ActiveCfg = Debug|Any CPU
		{9BD8AC8C-1EC6-4CB4-9E9D-F5BD84D0F281}.Debug|Any CPU.Build.0 = Debug|Any CPU
		{9BD8AC8C-1EC6-4CB4-9E9D-F5BD84D0F281}.Release|Any CPU.ActiveCfg = Release|Any CPU
		{9BD8AC8C-1EC6-4CB4-9E9D-F5BD84D0F281}.Release|Any CPU.Build.0 = Release|Any CPU
		{2EF9D283-9DBC-4652-836C-A74EAC5EA452}.Debug|Any CPU.ActiveCfg = Debug|Any CPU
		{2EF9D283-9DBC-4652-836C-A74EAC5EA452}.Debug|Any CPU.Build.0 = Debug|Any CPU
		{2EF9D283-9DBC-4652-836C-A74EAC5EA452}.Release|Any CPU.ActiveCfg = Release|Any CPU
		{2EF9D283-9DBC-4652-836C-A74EAC5EA452}.Release|Any CPU.Build.0 = Release|Any CPU
	EndGlobalSection
	GlobalSection(SolutionProperties) = preSolution
		HideSolutionNode = FALSE
	EndGlobalSection
EndGlobal
